
Microsoft Visual Studio Solution File, Format Version 12.00
# Visual Studio Version 17
VisualStudioVersion = 17.7.34003.232
MinimumVisualStudioVersion = 10.0.40219.1
Project("{9A19103F-16F7-4668-BE54-9A1E7A4F7556}") = "CourseWorkerContractIncome", "CourseWorkerContractIncome\CourseWorkerContractIncome.csproj", "{9077BDAB-0877-4184-8D5C-C4CD2EE474CB}"
EndProject
Project("{9A19103F-16F7-4668-BE54-9A1E7A4F7556}") = "Course", "C:\Users\ricar\Downloads\composition2-csharp-master\Course\Course.csproj", "{0ED34F24-17CE-419A-A8AA-B4908AE9A69E}"
EndProject
Global
	GlobalSection(SolutionConfigurationPlatforms) = preSolution
		Debug|Any CPU = Debug|Any CPU
		Release|Any CPU = Release|Any CPU
	EndGlobalSection
	GlobalSection(ProjectConfigurationPlatforms) = postSolution
		{9077BDAB-0877-4184-8D5C-C4CD2EE474CB}.Debug|Any CPU.ActiveCfg = Debug|Any CPU
		{9077BDAB-0877-4184-8D5C-C4CD2EE474CB}.Debug|Any CPU.Build.0 = Debug|Any CPU
		{9077BDAB-0877-4184-8D5C-C4CD2EE474CB}.Release|Any CPU.ActiveCfg = Release|Any CPU
		{9077BDAB-0877-4184-8D5C-C4CD2EE474CB}.Release|Any CPU.Build.0 = Release|Any CPU
		{0ED34F24-17CE-419A-A8AA-B4908AE9A69E}.Debug|Any CPU.ActiveCfg = Debug|Any CPU
		{0ED34F24-17CE-419A-A8AA-B4908AE9A69E}.Debug|Any CPU.Build.0 = Debug|Any CPU
		{0ED34F24-17CE-419A-A8AA-B4908AE9A69E}.Release|Any CPU.ActiveCfg = Release|Any CPU
		{0ED34F24-17CE-419A-A8AA-B4908AE9A69E}.Release|Any CPU.Build.0 = Release|Any CPU
	EndGlobalSection
	GlobalSection(SolutionProperties) = preSolution
		HideSolutionNode = FALSE
	EndGlobalSection
	GlobalSection(ExtensibilityGlobals) = postSolution
		SolutionGuid = {301D1EE3-E924-406A-9F5E-B5D8495F8869}
	EndGlobalSection
EndGlobal
